
Microsoft Visual Studio Solution File, Format Version 12.00
# Visual Studio Version 16
VisualStudioVersion = 16.0.32413.119
MinimumVisualStudioVersion = 10.0.40219.1
Project("{8BC9CEB8-8B4A-11D0-8D11-00A0C91BC942}") = "gcomplex", "gcomplex\gcomplex.vcxproj", "{FFBF4264-8C86-4912-9339-7519D0412CC0}"
EndProject
Global
	GlobalSection(SolutionConfigurationPlatforms) = preSolution
		Debug|x64 = Debug|x64
		Debug|x86 = Debug|x86
		Release|x64 = Release|x64
		Release|x86 = Release|x86
	EndGlobalSection
	GlobalSection(ProjectConfigurationPlatforms) = postSolution
		{FFBF4264-8C86-4912-9339-7519D0412CC0}.Debug|x64.ActiveCfg = Debug|x64
		{FFBF4264-8C86-4912-9339-7519D0412CC0}.Debug|x64.Build.0 = Debug|x64
		{FFBF4264-8C86-4912-9339-7519D0412CC0}.Debug|x86.ActiveCfg = Debug|Win32
		{FFBF4264-8C86-4912-9339-7519D0412CC0}.Debug|x86.Build.0 = Debug|Win32
		{FFBF4264-8C86-4912-9339-7519D0412CC0}.Release|x64.ActiveCfg = Release|x64
		{FFBF4264-8C86-4912-9339-7519D0412CC0}.Release|x64.Build.0 = Release|x64
		{FFBF4264-8C86-4912-9339-7519D0412CC0}.Release|x86.ActiveCfg = Release|Win32
		{FFBF4264-8C86-4912-9339-7519D0412CC0}.Release|x86.Build.0 = Release|Win32
	EndGlobalSection
	GlobalSection(SolutionProperties) = preSolution
		HideSolutionNode = FALSE
	EndGlobalSection
	GlobalSection(ExtensibilityGlobals) = postSolution
		SolutionGuid = {B1E2F3C2-6681-4067-B1C9-220EA03EDB66}
	EndGlobalSection
EndGlobal
